
Microsoft Visual Studio Solution File, Format Version 12.00
# Visual Studio Version 17
VisualStudioVersion = 17.13.35919.96 d17.13
MinimumVisualStudioVersion = 10.0.40219.1
Project("{FAE04EC0-301F-11D3-BF4B-00C04F79EFBC}") = "Prova", "Prova.csproj", "{232267A3-3BB6-4215-913B-A3263F9B64CD}"
EndProject
Global
	GlobalSection(SolutionConfigurationPlatforms) = preSolution
		Debug|Any CPU = Debug|Any CPU
		Release|Any CPU = Release|Any CPU
	EndGlobalSection
	GlobalSection(ProjectConfigurationPlatforms) = postSolution
		{232267A3-3BB6-4215-913B-A3263F9B64CD}.Debug|Any CPU.ActiveCfg = Debug|Any CPU
		{232267A3-3BB6-4215-913B-A3263F9B64CD}.Debug|Any CPU.Build.0 = Debug|Any CPU
		{232267A3-3BB6-4215-913B-A3263F9B64CD}.Release|Any CPU.ActiveCfg = Release|Any CPU
		{232267A3-3BB6-4215-913B-A3263F9B64CD}.Release|Any CPU.Build.0 = Release|Any CPU
	EndGlobalSection
	GlobalSection(SolutionProperties) = preSolution
		HideSolutionNode = FALSE
	EndGlobalSection
	GlobalSection(ExtensibilityGlobals) = postSolution
		SolutionGuid = {E7761487-DFC0-4746-B838-B62BE1FE3D20}
	EndGlobalSection
EndGlobal
